
Microsoft Visual Studio Solution File, Format Version 12.00
# Visual Studio Version 17
VisualStudioVersion = 17.10.34916.146
MinimumVisualStudioVersion = 10.0.40219.1
Project("{9A19103F-16F7-4668-BE54-9A1E7A4F7556}") = "P01-Convert1DArrayInto2DArray", "P01-Convert1DArrayInto2DArray\P01-Convert1DArrayInto2DArray.csproj", "{CA429BF3-D577-4524-8C78-0B6B0DFEB7A1}"
EndProject
Project("{9A19103F-16F7-4668-BE54-9A1E7A4F7556}") = "P02-SumOfDigitsOfStringAfterConvert", "P02-SumOfDigitsOfStringAfterConvert\P02-SumOfDigitsOfStringAfterConvert.csproj", "{57546610-22B4-4447-A476-CC9C729B38D9}"
EndProject
Project("{9A19103F-16F7-4668-BE54-9A1E7A4F7556}") = "P03-ReplaceTheChalk", "P03-ReplaceTheChalk\P03-ReplaceTheChalk.csproj", "{5BBADCBE-6126-4A71-8F9E-1C667A343A0A}"
EndProject
Project("{9A19103F-16F7-4668-BE54-9A1E7A4F7556}") = "P04-WalkingRobotSimulation", "P04-WalkingRobotSimulation\P04-WalkingRobotSimulation.csproj", "{A893499E-5B13-4934-8AA1-AF0BC06300A3}"
EndProject
Project("{9A19103F-16F7-4668-BE54-9A1E7A4F7556}") = "P05-FindMissingObservations", "P05-FindMissingObservations\P05-FindMissingObservations.csproj", "{625A66D3-971C-4CA1-AEF4-9C87BCFD6FE2}"
EndProject
Project("{9A19103F-16F7-4668-BE54-9A1E7A4F7556}") = "P06-DeleteFromLinkedList", "P06-DeleteFromLinkedList\P06-DeleteFromLinkedList.csproj", "{E16A0856-8CC7-49E3-B306-D5BBAD1A8866}"
EndProject
Project("{FAE04EC0-301F-11D3-BF4B-00C04F79EFBC}") = "P07-XorQueries", "P07-XorQueries\P07-XorQueries.csproj", "{863C74F6-8207-46D6-A3C4-7E82AB7FCCCA}"
EndProject
Global
	GlobalSection(SolutionConfigurationPlatforms) = preSolution
		Debug|Any CPU = Debug|Any CPU
		Release|Any CPU = Release|Any CPU
	EndGlobalSection
	GlobalSection(ProjectConfigurationPlatforms) = postSolution
		{CA429BF3-D577-4524-8C78-0B6B0DFEB7A1}.Debug|Any CPU.ActiveCfg = Debug|Any CPU
		{CA429BF3-D577-4524-8C78-0B6B0DFEB7A1}.Debug|Any CPU.Build.0 = Debug|Any CPU
		{CA429BF3-D577-4524-8C78-0B6B0DFEB7A1}.Release|Any CPU.ActiveCfg = Release|Any CPU
		{CA429BF3-D577-4524-8C78-0B6B0DFEB7A1}.Release|Any CPU.Build.0 = Release|Any CPU
		{57546610-22B4-4447-A476-CC9C729B38D9}.Debug|Any CPU.ActiveCfg = Debug|Any CPU
		{57546610-22B4-4447-A476-CC9C729B38D9}.Debug|Any CPU.Build.0 = Debug|Any CPU
		{57546610-22B4-4447-A476-CC9C729B38D9}.Release|Any CPU.ActiveCfg = Release|Any CPU
		{57546610-22B4-4447-A476-CC9C729B38D9}.Release|Any CPU.Build.0 = Release|Any CPU
		{5BBADCBE-6126-4A71-8F9E-1C667A343A0A}.Debug|Any CPU.ActiveCfg = Debug|Any CPU
		{5BBADCBE-6126-4A71-8F9E-1C667A343A0A}.Debug|Any CPU.Build.0 = Debug|Any CPU
		{5BBADCBE-6126-4A71-8F9E-1C667A343A0A}.Release|Any CPU.ActiveCfg = Release|Any CPU
		{5BBADCBE-6126-4A71-8F9E-1C667A343A0A}.Release|Any CPU.Build.0 = Release|Any CPU
		{A893499E-5B13-4934-8AA1-AF0BC06300A3}.Debug|Any CPU.ActiveCfg = Debug|Any CPU
		{A893499E-5B13-4934-8AA1-AF0BC06300A3}.Debug|Any CPU.Build.0 = Debug|Any CPU
		{A893499E-5B13-4934-8AA1-AF0BC06300A3}.Release|Any CPU.ActiveCfg = Release|Any CPU
		{A893499E-5B13-4934-8AA1-AF0BC06300A3}.Release|Any CPU.Build.0 = Release|Any CPU
		{625A66D3-971C-4CA1-AEF4-9C87BCFD6FE2}.Debug|Any CPU.ActiveCfg = Debug|Any CPU
		{625A66D3-971C-4CA1-AEF4-9C87BCFD6FE2}.Debug|Any CPU.Build.0 = Debug|Any CPU
		{625A66D3-971C-4CA1-AEF4-9C87BCFD6FE2}.Release|Any CPU.ActiveCfg = Release|Any CPU
		{625A66D3-971C-4CA1-AEF4-9C87BCFD6FE2}.Release|Any CPU.Build.0 = Release|Any CPU
		{E16A0856-8CC7-49E3-B306-D5BBAD1A8866}.Debug|Any CPU.ActiveCfg = Debug|Any CPU
		{E16A0856-8CC7-49E3-B306-D5BBAD1A8866}.Debug|Any CPU.Build.0 = Debug|Any CPU
		{E16A0856-8CC7-49E3-B306-D5BBAD1A8866}.Release|Any CPU.ActiveCfg = Release|Any CPU
		{E16A0856-8CC7-49E3-B306-D5BBAD1A8866}.Release|Any CPU.Build.0 = Release|Any CPU
		{863C74F6-8207-46D6-A3C4-7E82AB7FCCCA}.Debug|Any CPU.ActiveCfg = Debug|Any CPU
		{863C74F6-8207-46D6-A3C4-7E82AB7FCCCA}.Debug|Any CPU.Build.0 = Debug|Any CPU
		{863C74F6-8207-46D6-A3C4-7E82AB7FCCCA}.Release|Any CPU.ActiveCfg = Release|Any CPU
		{863C74F6-8207-46D6-A3C4-7E82AB7FCCCA}.Release|Any CPU.Build.0 = Release|Any CPU
	EndGlobalSection
	GlobalSection(SolutionProperties) = preSolution
		HideSolutionNode = FALSE
	EndGlobalSection
	GlobalSection(ExtensibilityGlobals) = postSolution
		SolutionGuid = {6235692E-174D-4D73-804D-86AC17E90A1A}
	EndGlobalSection
EndGlobal
